
Microsoft Visual Studio Solution File, Format Version 12.00
# Visual Studio Version 17
VisualStudioVersion = 17.3.32819.101
MinimumVisualStudioVersion = 10.0.40219.1
Project("{FAE04EC0-301F-11D3-BF4B-00C04F79EFBC}") = "MyFirstApp", "MyFirstApp\MyFirstApp.csproj", "{F7CBD95A-9724-43AA-8443-A7411292836D}"
EndProject
Global
	GlobalSection(SolutionConfigurationPlatforms) = preSolution
		Debug|Any CPU = Debug|Any CPU
		Release|Any CPU = Release|Any CPU
	EndGlobalSection
	GlobalSection(ProjectConfigurationPlatforms) = postSolution
		{F7CBD95A-9724-43AA-8443-A7411292836D}.Debug|Any CPU.ActiveCfg = Debug|Any CPU
		{F7CBD95A-9724-43AA-8443-A7411292836D}.Debug|Any CPU.Build.0 = Debug|Any CPU
		{F7CBD95A-9724-43AA-8443-A7411292836D}.Release|Any CPU.ActiveCfg = Release|Any CPU
		{F7CBD95A-9724-43AA-8443-A7411292836D}.Release|Any CPU.Build.0 = Release|Any CPU
	EndGlobalSection
	GlobalSection(SolutionProperties) = preSolution
		HideSolutionNode = FALSE
	EndGlobalSection
	GlobalSection(ExtensibilityGlobals) = postSolution
		SolutionGuid = {6EF874BD-CAD5-42AE-B18C-19127B68E12F}
	EndGlobalSection
EndGlobal
